
Microsoft Visual Studio Solution File, Format Version 12.00
# Visual Studio Version 17
VisualStudioVersion = 17.4.33110.190
MinimumVisualStudioVersion = 10.0.40219.1
Project("{9A19103F-16F7-4668-BE54-9A1E7A4F7556}") = "Day16", "Day16\Day16.csproj", "{5D10A623-372C-4B64-8846-E4AD891BCD87}"
EndProject
Project("{FAE04EC0-301F-11D3-BF4B-00C04F79EFBC}") = "01", "01\01.csproj", "{941443D5-E161-49C8-90B9-E74C3938FDD7}"
EndProject
Global
	GlobalSection(SolutionConfigurationPlatforms) = preSolution
		Debug|Any CPU = Debug|Any CPU
		Release|Any CPU = Release|Any CPU
	EndGlobalSection
	GlobalSection(ProjectConfigurationPlatforms) = postSolution
		{5D10A623-372C-4B64-8846-E4AD891BCD87}.Debug|Any CPU.ActiveCfg = Debug|Any CPU
		{5D10A623-372C-4B64-8846-E4AD891BCD87}.Debug|Any CPU.Build.0 = Debug|Any CPU
		{5D10A623-372C-4B64-8846-E4AD891BCD87}.Release|Any CPU.ActiveCfg = Release|Any CPU
		{5D10A623-372C-4B64-8846-E4AD891BCD87}.Release|Any CPU.Build.0 = Release|Any CPU
		{941443D5-E161-49C8-90B9-E74C3938FDD7}.Debug|Any CPU.ActiveCfg = Debug|Any CPU
		{941443D5-E161-49C8-90B9-E74C3938FDD7}.Debug|Any CPU.Build.0 = Debug|Any CPU
		{941443D5-E161-49C8-90B9-E74C3938FDD7}.Release|Any CPU.ActiveCfg = Release|Any CPU
		{941443D5-E161-49C8-90B9-E74C3938FDD7}.Release|Any CPU.Build.0 = Release|Any CPU
	EndGlobalSection
	GlobalSection(SolutionProperties) = preSolution
		HideSolutionNode = FALSE
	EndGlobalSection
	GlobalSection(ExtensibilityGlobals) = postSolution
		SolutionGuid = {C7A4266E-E30C-4D3C-BD19-A99A8EF91242}
	EndGlobalSection
EndGlobal
